
Microsoft Visual Studio Solution File, Format Version 12.00
# Visual Studio Version 16
VisualStudioVersion = 16.0.33423.256
MinimumVisualStudioVersion = 10.0.40219.1
Project("{FAE04EC0-301F-11D3-BF4B-00C04F79EFBC}") = "WebApplication3", "WebApplication3\WebApplication3.csproj", "{DFF4095A-9E55-47BF-812A-BD460688F1F9}"
EndProject
Global
	GlobalSection(SolutionConfigurationPlatforms) = preSolution
		Debug|Any CPU = Debug|Any CPU
		Release|Any CPU = Release|Any CPU
	EndGlobalSection
	GlobalSection(ProjectConfigurationPlatforms) = postSolution
		{DFF4095A-9E55-47BF-812A-BD460688F1F9}.Debug|Any CPU.ActiveCfg = Debug|Any CPU
		{DFF4095A-9E55-47BF-812A-BD460688F1F9}.Debug|Any CPU.Build.0 = Debug|Any CPU
		{DFF4095A-9E55-47BF-812A-BD460688F1F9}.Release|Any CPU.ActiveCfg = Release|Any CPU
		{DFF4095A-9E55-47BF-812A-BD460688F1F9}.Release|Any CPU.Build.0 = Release|Any CPU
	EndGlobalSection
	GlobalSection(SolutionProperties) = preSolution
		HideSolutionNode = FALSE
	EndGlobalSection
	GlobalSection(ExtensibilityGlobals) = postSolution
		SolutionGuid = {4DC6CC3A-613F-46D9-9B9E-258B655D58AA}
	EndGlobalSection
EndGlobal
